
Microsoft Visual Studio Solution File, Format Version 12.00
# Visual Studio Version 16
VisualStudioVersion = 16.0.31313.79
MinimumVisualStudioVersion = 10.0.40219.1
Project("{FAE04EC0-301F-11D3-BF4B-00C04F79EFBC}") = "SeleniumWithCSharp", "SeleniumWithCSharp\SeleniumWithCSharp.csproj", "{CBED72F8-4456-4F70-95AF-D4E3A4BD8565}"
EndProject
Global
	GlobalSection(SolutionConfigurationPlatforms) = preSolution
		Debug|Any CPU = Debug|Any CPU
		Release|Any CPU = Release|Any CPU
	EndGlobalSection
	GlobalSection(ProjectConfigurationPlatforms) = postSolution
		{CBED72F8-4456-4F70-95AF-D4E3A4BD8565}.Debug|Any CPU.ActiveCfg = Debug|Any CPU
		{CBED72F8-4456-4F70-95AF-D4E3A4BD8565}.Debug|Any CPU.Build.0 = Debug|Any CPU
		{CBED72F8-4456-4F70-95AF-D4E3A4BD8565}.Release|Any CPU.ActiveCfg = Release|Any CPU
		{CBED72F8-4456-4F70-95AF-D4E3A4BD8565}.Release|Any CPU.Build.0 = Release|Any CPU
	EndGlobalSection
	GlobalSection(SolutionProperties) = preSolution
		HideSolutionNode = FALSE
	EndGlobalSection
	GlobalSection(ExtensibilityGlobals) = postSolution
		SolutionGuid = {E8D88CBF-C848-48B4-9DFD-DB69E8B44FA2}
	EndGlobalSection
EndGlobal
